{
  "nodes": {
    "flake-compatish": {
      "flake": false,
      "locked": {
        "lastModified": 1783984082,
        "narHash": "sha256-A7Xl565OqEU7VCqq1hEBw5AzOTicFttZggJnA17tpSU=",
        "owner": "lillecarl",
        "repo": "flake-compatish",
        "rev": "30cb7674c79484293588da00f39e6cd5eb36865c",
        "type": "github"
      },
      "original": {
        "owner": "lillecarl",
        "repo": "flake-compatish",
        "type": "github"
      }
    },
    "nixpkgs": {
      "locked": {
        "lastModified": 1784007870,
        "narHash": "sha256-djcLt/JJphyNt4eDY9XTly+/WbCK5lqWq9lSgCmJkkQ=",
        "owner": "nixos",
        "repo": "nixpkgs",
        "rev": "18b9261cb3294b6d2a06d03f96872827b8fe2698",
        "type": "github"
      },
      "original": {
        "owner": "nixos",
        "ref": "nixos-unstable",
        "repo": "nixpkgs",
        "type": "github"
      }
    },
    "root": {
      "inputs": {
        "flake-compatish": "flake-compatish",
        "nixpkgs": "nixpkgs"
      }
    }
  },
  "root": "root",
  "version": 7
}
